
Microsoft Visual Studio Solution File, Format Version 12.00
# Visual Studio 15
VisualStudioVersion = 15.0.27703.2047
MinimumVisualStudioVersion = 10.0.40219.1
Project("{FAE04EC0-301F-11D3-BF4B-00C04F79EFBC}") = "Sasip5", "Sasip5\Sasip5.csproj", "{EE98D9BD-5C81-4B1E-81DF-DA9D1F764343}"
EndProject
Global
	GlobalSection(SolutionConfigurationPlatforms) = preSolution
		Debug|Any CPU = Debug|Any CPU
		Release|Any CPU = Release|Any CPU
	EndGlobalSection
	GlobalSection(ProjectConfigurationPlatforms) = postSolution
		{EE98D9BD-5C81-4B1E-81DF-DA9D1F764343}.Debug|Any CPU.ActiveCfg = Debug|Any CPU
		{EE98D9BD-5C81-4B1E-81DF-DA9D1F764343}.Debug|Any CPU.Build.0 = Debug|Any CPU
		{EE98D9BD-5C81-4B1E-81DF-DA9D1F764343}.Release|Any CPU.ActiveCfg = Release|Any CPU
		{EE98D9BD-5C81-4B1E-81DF-DA9D1F764343}.Release|Any CPU.Build.0 = Release|Any CPU
	EndGlobalSection
	GlobalSection(SolutionProperties) = preSolution
		HideSolutionNode = FALSE
	EndGlobalSection
	GlobalSection(ExtensibilityGlobals) = postSolution
		SolutionGuid = {F12B24E1-445D-46E6-BA3F-C9350389B4D1}
	EndGlobalSection
EndGlobal
